
Microsoft Visual Studio Solution File, Format Version 12.00
# Visual Studio 15
VisualStudioVersion = 15.0.27703.2000
MinimumVisualStudioVersion = 10.0.40219.1
Project("{FAE04EC0-301F-11D3-BF4B-00C04F79EFBC}") = "Sales.Android", "Sales\Sales.Android\Sales.Android.csproj", "{5C4E1502-010A-40B2-A9A8-56DBB7690A32}"
EndProject
Project("{FAE04EC0-301F-11D3-BF4B-00C04F79EFBC}") = "Sales.iOS", "Sales\Sales.iOS\Sales.iOS.csproj", "{0CC5895E-F5EA-4046-ACE6-6D9A65463C7B}"
EndProject
Project("{FAE04EC0-301F-11D3-BF4B-00C04F79EFBC}") = "Sales.UWP", "Sales\Sales.UWP\Sales.UWP.csproj", "{E1D0D261-0268-4BB4-A5FA-2041199528C4}"
EndProject
Project("{9A19103F-16F7-4668-BE54-9A1E7A4F7556}") = "Sales", "Sales\Sales\Sales.csproj", "{A91007D2-450E-444D-A714-E13DB1E2BC02}"
EndProject
Project("{FAE04EC0-301F-11D3-BF4B-00C04F79EFBC}") = "Sales.Domain", "Sales.Domain\Sales.Domain.csproj", "{F12C67F9-5FA6-42DF-9A99-3E5FAA65ACA0}"
EndProject
Project("{FAE04EC0-301F-11D3-BF4B-00C04F79EFBC}") = "Sales.Common", "Sales.Common\Sales.Common.csproj", "{6C754BF4-3353-463B-9EFC-07C25A555301}"
EndProject
Project("{FAE04EC0-301F-11D3-BF4B-00C04F79EFBC}") = "Sales.Backend", "Sales.Backend\Sales.Backend.csproj", "{E124D1F4-46D9-4639-B087-AA2EDD89EDC7}"
EndProject
Project("{FAE04EC0-301F-11D3-BF4B-00C04F79EFBC}") = "Sales.API", "Sales.API\Sales.API.csproj", "{6C8E55DA-60D2-4845-B198-C98842F947FD}"
EndProject
Global
	GlobalSection(SolutionConfigurationPlatforms) = preSolution
		Ad-Hoc|Any CPU = Ad-Hoc|Any CPU
		Ad-Hoc|ARM = Ad-Hoc|ARM
		Ad-Hoc|iPhone = Ad-Hoc|iPhone
		Ad-Hoc|iPhoneSimulator = Ad-Hoc|iPhoneSimulator
		Ad-Hoc|x64 = Ad-Hoc|x64
		Ad-Hoc|x86 = Ad-Hoc|x86
		AppStore|Any CPU = AppStore|Any CPU
		AppStore|ARM = AppStore|ARM
		AppStore|iPhone = AppStore|iPhone
		AppStore|iPhoneSimulator = AppStore|iPhoneSimulator
		AppStore|x64 = AppStore|x64
		AppStore|x86 = AppStore|x86
		Debug|Any CPU = Debug|Any CPU
		Debug|ARM = Debug|ARM
		Debug|iPhone = Debug|iPhone
		Debug|iPhoneSimulator = Debug|iPhoneSimulator
		Debug|x64 = Debug|x64
		Debug|x86 = Debug|x86
		Release|Any CPU = Release|Any CPU
		Release|ARM = Release|ARM
		Release|iPhone = Release|iPhone
		Release|iPhoneSimulator = Release|iPhoneSimulator
		Release|x64 = Release|x64
		Release|x86 = Release|x86
	EndGlobalSection
	GlobalSection(ProjectConfigurationPlatforms) = postSolution
		{5C4E1502-010A-40B2-A9A8-56DBB7690A32}.Ad-Hoc|Any CPU.ActiveCfg = Release|Any CPU
		{5C4E1502-010A-40B2-A9A8-56DBB7690A32}.Ad-Hoc|Any CPU.Build.0 = Release|Any CPU
		{5C4E1502-010A-40B2-A9A8-56DBB7690A32}.Ad-Hoc|Any CPU.Deploy.0 = Release|Any CPU
		{5C4E1502-010A-40B2-A9A8-56DBB7690A32}.Ad-Hoc|ARM.ActiveCfg = Release|Any CPU
		{5C4E1502-010A-40B2-A9A8-56DBB7690A32}.Ad-Hoc|ARM.Build.0 = Release|Any CPU
		{5C4E1502-010A-40B2-A9A8-56DBB7690A32}.Ad-Hoc|ARM.Deploy.0 = Release|Any CPU
		{5C4E1502-010A-40B2-A9A8-56DBB7690A32}.Ad-Hoc|iPhone.ActiveCfg = Release|Any CPU
		{5C4E1502-010A-40B2-A9A8-56DBB7690A32}.Ad-Hoc|iPhone.Build.0 = Release|Any CPU
		{5C4E1502-010A-40B2-A9A8-56DBB7690A32}.Ad-Hoc|iPhone.Deploy.0 = Release|Any CPU
		{5C4E1502-010A-40B2-A9A8-56DBB7690A32}.Ad-Hoc|iPhoneSimulator.ActiveCfg = Release|Any CPU
		{5C4E1502-010A-40B2-A9A8-56DBB7690A32}.Ad-Hoc|iPhoneSimulator.Build.0 = Release|Any CPU
		{5C4E1502-010A-40B2-A9A8-56DBB7690A32}.Ad-Hoc|iPhoneSimulator.Deploy.0 = Release|Any CPU
		{5C4E1502-010A-40B2-A9A8-56DBB7690A32}.Ad-Hoc|x64.ActiveCfg = Release|Any CPU
		{5C4E1502-010A-40B2-A9A8-56DBB7690A32}.Ad-Hoc|x64.Build.0 = Release|Any CPU
		{5C4E1502-010A-40B2-A9A8-56DBB7690A32}.Ad-Hoc|x64.Deploy.0 = Release|Any CPU
		{5C4E1502-010A-40B2-A9A8-56DBB7690A32}.Ad-Hoc|x86.ActiveCfg = Release|Any CPU
		{5C4E1502-010A-40B2-A9A8-56DBB7690A32}.Ad-Hoc|x86.Build.0 = Release|Any CPU
		{5C4E1502-010A-40B2-A9A8-56DBB7690A32}.Ad-Hoc|x86.Deploy.0 = Release|Any CPU
		{5C4E1502-010A-40B2-A9A8-56DBB7690A32}.AppStore|Any CPU.ActiveCfg = Release|Any CPU
		{5C4E1502-010A-40B2-A9A8-56DBB7690A32}.AppStore|Any CPU.Build.0 = Release|Any CPU
		{5C4E1502-010A-40B2-A9A8-56DBB7690A32}.AppStore|Any CPU.Deploy.0 = Release|Any CPU
		{5C4E1502-010A-40B2-A9A8-56DBB7690A32}.AppStore|ARM.ActiveCfg = Release|Any CPU
		{5C4E1502-010A-40B2-A9A8-56DBB7690A32}.AppStore|ARM.Build.0 = Release|Any CPU
		{5C4E1502-010A-40B2-A9A8-56DBB7690A32}.AppStore|ARM.Deploy.0 = Release|Any CPU
		{5C4E1502-010A-40B2-A9A8-56DBB7690A32}.AppStore|iPhone.ActiveCfg = Release|Any CPU
		{5C4E1502-010A-40B2-A9A8-56DBB7690A32}.AppStore|iPhone.Build.0 = Release|Any CPU
		{5C4E1502-010A-40B2-A9A8-56DBB7690A32}.AppStore|iPhone.Deploy.0 = Release|Any CPU
		{5C4E1502-010A-40B2-A9A8-56DBB7690A32}.AppStore|iPhoneSimulator.ActiveCfg = Release|Any CPU
		{5C4E1502-010A-40B2-A9A8-56DBB7690A32}.AppStore|iPhoneSimulator.Build.0 = Release|Any CPU
		{5C4E1502-010A-40B2-A9A8-56DBB7690A32}.AppStore|iPhoneSimulator.Deploy.0 = Release|Any CPU
		{5C4E1502-010A-40B2-A9A8-56DBB7690A32}.AppStore|x64.ActiveCfg = Release|Any CPU
		{5C4E1502-010A-40B2-A9A8-56DBB7690A32}.AppStore|x64.Build.0 = Release|Any CPU
		{5C4E1502-010A-40B2-A9A8-56DBB7690A32}.AppStore|x64.Deploy.0 = Release|Any CPU
		{5C4E1502-010A-40B2-A9A8-56DBB7690A32}.AppStore|x86.ActiveCfg = Release|Any CPU
		{5C4E1502-010A-40B2-A9A8-56DBB7690A32}.AppStore|x86.Build.0 = Release|Any CPU
		{5C4E1502-010A-40B2-A9A8-56DBB7690A32}.AppStore|x86.Deploy.0 = Release|Any CPU
		{5C4E1502-010A-40B2-A9A8-56DBB7690A32}.Debug|Any CPU.ActiveCfg = Debug|Any CPU
		{5C4E1502-010A-40B2-A9A8-56DBB7690A32}.Debug|Any CPU.Build.0 = Debug|Any CPU
		{5C4E1502-010A-40B2-A9A8-56DBB7690A32}.Debug|Any CPU.Deploy.0 = Debug|Any CPU
		{5C4E1502-010A-40B2-A9A8-56DBB7690A32}.Debug|ARM.ActiveCfg = Debug|Any CPU
		{5C4E1502-010A-40B2-A9A8-56DBB7690A32}.Debug|ARM.Build.0 = Debug|Any CPU
		{5C4E1502-010A-40B2-A9A8-56DBB7690A32}.Debug|ARM.Deploy.0 = Debug|Any CPU
		{5C4E1502-010A-40B2-A9A8-56DBB7690A32}.Debug|iPhone.ActiveCfg = Debug|Any CPU
		{5C4E1502-010A-40B2-A9A8-56DBB7690A32}.Debug|iPhone.Build.0 = Debug|Any CPU
		{5C4E1502-010A-40B2-A9A8-56DBB7690A32}.Debug|iPhone.Deploy.0 = Debug|Any CPU
		{5C4E1502-010A-40B2-A9A8-56DBB7690A32}.Debug|iPhoneSimulator.ActiveCfg = Debug|Any CPU
		{5C4E1502-010A-40B2-A9A8-56DBB7690A32}.Debug|iPhoneSimulator.Build.0 = Debug|Any CPU
		{5C4E1502-010A-40B2-A9A8-56DBB7690A32}.Debug|iPhoneSimulator.Deploy.0 = Debug|Any CPU
		{5C4E1502-010A-40B2-A9A8-56DBB7690A32}.Debug|x64.ActiveCfg = Debug|Any CPU
		{5C4E1502-010A-40B2-A9A8-56DBB7690A32}.Debug|x64.Build.0 = Debug|Any CPU
		{5C4E1502-010A-40B2-A9A8-56DBB7690A32}.Debug|x64.Deploy.0 = Debug|Any CPU
		{5C4E1502-010A-40B2-A9A8-56DBB7690A32}.Debug|x86.ActiveCfg = Debug|Any CPU
		{5C4E1502-010A-40B2-A9A8-56DBB7690A32}.Debug|x86.Build.0 = Debug|Any CPU
		{5C4E1502-010A-40B2-A9A8-56DBB7690A32}.Debug|x86.Deploy.0 = Debug|Any CPU
		{5C4E1502-010A-40B2-A9A8-56DBB7690A32}.Release|Any CPU.ActiveCfg = Release|Any CPU
		{5C4E1502-010A-40B2-A9A8-56DBB7690A32}.Release|Any CPU.Build.0 = Release|Any CPU
		{5C4E1502-010A-40B2-A9A8-56DBB7690A32}.Release|Any CPU.Deploy.0 = Release|Any CPU
		{5C4E1502-010A-40B2-A9A8-56DBB7690A32}.Release|ARM.ActiveCfg = Release|Any CPU
		{5C4E1502-010A-40B2-A9A8-56DBB7690A32}.Release|ARM.Build.0 = Release|Any CPU
		{5C4E1502-010A-40B2-A9A8-56DBB7690A32}.Release|ARM.Deploy.0 = Release|Any CPU
		{5C4E1502-010A-40B2-A9A8-56DBB7690A32}.Release|iPhone.ActiveCfg = Release|Any CPU
		{5C4E1502-010A-40B2-A9A8-56DBB7690A32}.Release|iPhone.Build.0 = Release|Any CPU
		{5C4E1502-010A-40B2-A9A8-56DBB7690A32}.Release|iPhone.Deploy.0 = Release|Any CPU
		{5C4E1502-010A-40B2-A9A8-56DBB7690A32}.Release|iPhoneSimulator.ActiveCfg = Release|Any CPU
		{5C4E1502-010A-40B2-A9A8-56DBB7690A32}.Release|iPhoneSimulator.Build.0 = Release|Any CPU
		{5C4E1502-010A-40B2-A9A8-56DBB7690A32}.Release|iPhoneSimulator.Deploy.0 = Release|Any CPU
		{5C4E1502-010A-40B2-A9A8-56DBB7690A32}.Release|x64.ActiveCfg = Release|Any CPU
		{5C4E1502-010A-40B2-A9A8-56DBB7690A32}.Release|x64.Build.0 = Release|Any CPU
		{5C4E1502-010A-40B2-A9A8-56DBB7690A32}.Release|x64.Deploy.0 = Release|Any CPU
		{5C4E1502-010A-40B2-A9A8-56DBB7690A32}.Release|x86.ActiveCfg = Release|Any CPU
		{5C4E1502-010A-40B2-A9A8-56DBB7690A32}.Release|x86.Build.0 = Release|Any CPU
		{5C4E1502-010A-40B2-A9A8-56DBB7690A32}.Release|x86.Deploy.0 = Release|Any CPU
		{0CC5895E-F5EA-4046-ACE6-6D9A65463C7B}.Ad-Hoc|Any CPU.ActiveCfg = Ad-Hoc|iPhone
		{0CC5895E-F5EA-4046-ACE6-6D9A65463C7B}.Ad-Hoc|Any CPU.Build.0 = Ad-Hoc|iPhone
		{0CC5895E-F5EA-4046-ACE6-6D9A65463C7B}.Ad-Hoc|Any CPU.Deploy.0 = Ad-Hoc|iPhone
		{0CC5895E-F5EA-4046-ACE6-6D9A65463C7B}.Ad-Hoc|ARM.ActiveCfg = Ad-Hoc|iPhone
		{0CC5895E-F5EA-4046-ACE6-6D9A65463C7B}.Ad-Hoc|ARM.Build.0 = Ad-Hoc|iPhone
		{0CC5895E-F5EA-4046-ACE6-6D9A65463C7B}.Ad-Hoc|ARM.Deploy.0 = Ad-Hoc|iPhone
		{0CC5895E-F5EA-4046-ACE6-6D9A65463C7B}.Ad-Hoc|iPhone.ActiveCfg = Ad-Hoc|iPhone
		{0CC5895E-F5EA-4046-ACE6-6D9A65463C7B}.Ad-Hoc|iPhone.Build.0 = Ad-Hoc|iPhone
		{0CC5895E-F5EA-4046-ACE6-6D9A65463C7B}.Ad-Hoc|iPhone.Deploy.0 = Ad-Hoc|iPhone
		{0CC5895E-F5EA-4046-ACE6-6D9A65463C7B}.Ad-Hoc|iPhoneSimulator.ActiveCfg = Ad-Hoc|iPhoneSimulator
		{0CC5895E-F5EA-4046-ACE6-6D9A65463C7B}.Ad-Hoc|iPhoneSimulator.Build.0 = Ad-Hoc|iPhoneSimulator
		{0CC5895E-F5EA-4046-ACE6-6D9A65463C7B}.Ad-Hoc|iPhoneSimulator.Deploy.0 = Ad-Hoc|iPhoneSimulator
		{0CC5895E-F5EA-4046-ACE6-6D9A65463C7B}.Ad-Hoc|x64.ActiveCfg = Ad-Hoc|iPhone
		{0CC5895E-F5EA-4046-ACE6-6D9A65463C7B}.Ad-Hoc|x64.Build.0 = Ad-Hoc|iPhone
		{0CC5895E-F5EA-4046-ACE6-6D9A65463C7B}.Ad-Hoc|x64.Deploy.0 = Ad-Hoc|iPhone
		{0CC5895E-F5EA-4046-ACE6-6D9A65463C7B}.Ad-Hoc|x86.ActiveCfg = Ad-Hoc|iPhone
		{0CC5895E-F5EA-4046-ACE6-6D9A65463C7B}.Ad-Hoc|x86.Build.0 = Ad-Hoc|iPhone
		{0CC5895E-F5EA-4046-ACE6-6D9A65463C7B}.Ad-Hoc|x86.Deploy.0 = Ad-Hoc|iPhone
		{0CC5895E-F5EA-4046-ACE6-6D9A65463C7B}.AppStore|Any CPU.ActiveCfg = AppStore|iPhone
		{0CC5895E-F5EA-4046-ACE6-6D9A65463C7B}.AppStore|Any CPU.Build.0 = AppStore|iPhone
		{0CC5895E-F5EA-4046-ACE6-6D9A65463C7B}.AppStore|Any CPU.Deploy.0 = AppStore|iPhone
		{0CC5895E-F5EA-4046-ACE6-6D9A65463C7B}.AppStore|ARM.ActiveCfg = AppStore|iPhone
		{0CC5895E-F5EA-4046-ACE6-6D9A65463C7B}.AppStore|ARM.Build.0 = AppStore|iPhone
		{0CC5895E-F5EA-4046-ACE6-6D9A65463C7B}.AppStore|ARM.Deploy.0 = AppStore|iPhone
		{0CC5895E-F5EA-4046-ACE6-6D9A65463C7B}.AppStore|iPhone.ActiveCfg = AppStore|iPhone
		{0CC5895E-F5EA-4046-ACE6-6D9A65463C7B}.AppStore|iPhone.Build.0 = AppStore|iPhone
		{0CC5895E-F5EA-4046-ACE6-6D9A65463C7B}.AppStore|iPhone.Deploy.0 = AppStore|iPhone
		{0CC5895E-F5EA-4046-ACE6-6D9A65463C7B}.AppStore|iPhoneSimulator.ActiveCfg = AppStore|iPhoneSimulator
		{0CC5895E-F5EA-4046-ACE6-6D9A65463C7B}.AppStore|iPhoneSimulator.Build.0 = AppStore|iPhoneSimulator
		{0CC5895E-F5EA-4046-ACE6-6D9A65463C7B}.AppStore|iPhoneSimulator.Deploy.0 = AppStore|iPhoneSimulator
		{0CC5895E-F5EA-4046-ACE6-6D9A65463C7B}.AppStore|x64.ActiveCfg = AppStore|iPhone
		{0CC5895E-F5EA-4046-ACE6-6D9A65463C7B}.AppStore|x64.Build.0 = AppStore|iPhone
		{0CC5895E-F5EA-4046-ACE6-6D9A65463C7B}.AppStore|x64.Deploy.0 = AppStore|iPhone
		{0CC5895E-F5EA-4046-ACE6-6D9A65463C7B}.AppStore|x86.ActiveCfg = AppStore|iPhone
		{0CC5895E-F5EA-4046-ACE6-6D9A65463C7B}.AppStore|x86.Build.0 = AppStore|iPhone
		{0CC5895E-F5EA-4046-ACE6-6D9A65463C7B}.AppStore|x86.Deploy.0 = AppStore|iPhone
		{0CC5895E-F5EA-4046-ACE6-6D9A65463C7B}.Debug|Any CPU.ActiveCfg = Debug|iPhoneSimulator
		{0CC5895E-F5EA-4046-ACE6-6D9A65463C7B}.Debug|Any CPU.Build.0 = Debug|iPhoneSimulator
		{0CC5895E-F5EA-4046-ACE6-6D9A65463C7B}.Debug|Any CPU.Deploy.0 = Debug|iPhoneSimulator
		{0CC5895E-F5EA-4046-ACE6-6D9A65463C7B}.Debug|ARM.ActiveCfg = Debug|iPhone
		{0CC5895E-F5EA-4046-ACE6-6D9A65463C7B}.Debug|ARM.Build.0 = Debug|iPhone
		{0CC5895E-F5EA-4046-ACE6-6D9A65463C7B}.Debug|ARM.Deploy.0 = Debug|iPhone
		{0CC5895E-F5EA-4046-ACE6-6D9A65463C7B}.Debug|iPhone.ActiveCfg = Debug|iPhone
		{0CC5895E-F5EA-4046-ACE6-6D9A65463C7B}.Debug|iPhone.Build.0 = Debug|iPhone
		{0CC5895E-F5EA-4046-ACE6-6D9A65463C7B}.Debug|iPhone.Deploy.0 = Debug|iPhone
		{0CC5895E-F5EA-4046-ACE6-6D9A65463C7B}.Debug|iPhoneSimulator.ActiveCfg = Debug|iPhoneSimulator
		{0CC5895E-F5EA-4046-ACE6-6D9A65463C7B}.Debug|iPhoneSimulator.Build.0 = Debug|iPhoneSimulator
		{0CC5895E-F5EA-4046-ACE6-6D9A65463C7B}.Debug|iPhoneSimulator.Deploy.0 = Debug|iPhoneSimulator
		{0CC5895E-F5EA-4046-ACE6-6D9A65463C7B}.Debug|x64.ActiveCfg = Debug|iPhone
		{0CC5895E-F5EA-4046-ACE6-6D9A65463C7B}.Debug|x64.Build.0 = Debug|iPhone
		{0CC5895E-F5EA-4046-ACE6-6D9A65463C7B}.Debug|x64.Deploy.0 = Debug|iPhone
		{0CC5895E-F5EA-4046-ACE6-6D9A65463C7B}.Debug|x86.ActiveCfg = Debug|iPhone
		{0CC5895E-F5EA-4046-ACE6-6D9A65463C7B}.Debug|x86.Build.0 = Debug|iPhone
		{0CC5895E-F5EA-4046-ACE6-6D9A65463C7B}.Debug|x86.Deploy.0 = Debug|iPhone
		{0CC5895E-F5EA-4046-ACE6-6D9A65463C7B}.Release|Any CPU.ActiveCfg = Release|iPhone
		{0CC5895E-F5EA-4046-ACE6-6D9A65463C7B}.Release|Any CPU.Build.0 = Release|iPhone
		{0CC5895E-F5EA-4046-ACE6-6D9A65463C7B}.Release|Any CPU.Deploy.0 = Release|iPhone
		{0CC5895E-F5EA-4046-ACE6-6D9A65463C7B}.Release|ARM.ActiveCfg = Release|iPhone
		{0CC5895E-F5EA-4046-ACE6-6D9A65463C7B}.Release|ARM.Build.0 = Release|iPhone
		{0CC5895E-F5EA-4046-ACE6-6D9A65463C7B}.Release|ARM.Deploy.0 = Release|iPhone
		{0CC5895E-F5EA-4046-ACE6-6D9A65463C7B}.Release|iPhone.ActiveCfg = Release|iPhone
		{0CC5895E-F5EA-4046-ACE6-6D9A65463C7B}.Release|iPhone.Build.0 = Release|iPhone
		{0CC5895E-F5EA-4046-ACE6-6D9A65463C7B}.Release|iPhone.Deploy.0 = Release|iPhone
		{0CC5895E-F5EA-4046-ACE6-6D9A65463C7B}.Release|iPhoneSimulator.ActiveCfg = Release|iPhoneSimulator
		{0CC5895E-F5EA-4046-ACE6-6D9A65463C7B}.Release|iPhoneSimulator.Build.0 = Release|iPhoneSimulator
		{0CC5895E-F5EA-4046-ACE6-6D9A65463C7B}.Release|iPhoneSimulator.Deploy.0 = Release|iPhoneSimulator
		{0CC5895E-F5EA-4046-ACE6-6D9A65463C7B}.Release|x64.ActiveCfg = Release|iPhone
		{0CC5895E-F5EA-4046-ACE6-6D9A65463C7B}.Release|x64.Build.0 = Release|iPhone
		{0CC5895E-F5EA-4046-ACE6-6D9A65463C7B}.Release|x64.Deploy.0 = Release|iPhone
		{0CC5895E-F5EA-4046-ACE6-6D9A65463C7B}.Release|x86.ActiveCfg = Release|iPhone
		{0CC5895E-F5EA-4046-ACE6-6D9A65463C7B}.Release|x86.Build.0 = Release|iPhone
		{0CC5895E-F5EA-4046-ACE6-6D9A65463C7B}.Release|x86.Deploy.0 = Release|iPhone
		{E1D0D261-0268-4BB4-A5FA-2041199528C4}.Ad-Hoc|Any CPU.ActiveCfg = Release|x86
		{E1D0D261-0268-4BB4-A5FA-2041199528C4}.Ad-Hoc|Any CPU.Build.0 = Release|x86
		{E1D0D261-0268-4BB4-A5FA-2041199528C4}.Ad-Hoc|Any CPU.Deploy.0 = Release|x86
		{E1D0D261-0268-4BB4-A5FA-2041199528C4}.Ad-Hoc|ARM.ActiveCfg = Release|ARM
		{E1D0D261-0268-4BB4-A5FA-2041199528C4}.Ad-Hoc|ARM.Build.0 = Release|ARM
		{E1D0D261-0268-4BB4-A5FA-2041199528C4}.Ad-Hoc|ARM.Deploy.0 = Release|ARM
		{E1D0D261-0268-4BB4-A5FA-2041199528C4}.Ad-Hoc|iPhone.ActiveCfg = Release|x86
		{E1D0D261-0268-4BB4-A5FA-2041199528C4}.Ad-Hoc|iPhone.Build.0 = Release|x86
		{E1D0D261-0268-4BB4-A5FA-2041199528C4}.Ad-Hoc|iPhone.Deploy.0 = Release|x86
		{E1D0D261-0268-4BB4-A5FA-2041199528C4}.Ad-Hoc|iPhoneSimulator.ActiveCfg = Release|x86
		{E1D0D261-0268-4BB4-A5FA-2041199528C4}.Ad-Hoc|iPhoneSimulator.Build.0 = Release|x86
		{E1D0D261-0268-4BB4-A5FA-2041199528C4}.Ad-Hoc|iPhoneSimulator.Deploy.0 = Release|x86
		{E1D0D261-0268-4BB4-A5FA-2041199528C4}.Ad-Hoc|x64.ActiveCfg = Release|x64
		{E1D0D261-0268-4BB4-A5FA-2041199528C4}.Ad-Hoc|x64.Build.0 = Release|x64
		{E1D0D261-0268-4BB4-A5FA-2041199528C4}.Ad-Hoc|x64.Deploy.0 = Release|x64
		{E1D0D261-0268-4BB4-A5FA-2041199528C4}.Ad-Hoc|x86.ActiveCfg = Release|x86
		{E1D0D261-0268-4BB4-A5FA-2041199528C4}.Ad-Hoc|x86.Build.0 = Release|x86
		{E1D0D261-0268-4BB4-A5FA-2041199528C4}.Ad-Hoc|x86.Deploy.0 = Release|x86
		{E1D0D261-0268-4BB4-A5FA-2041199528C4}.AppStore|Any CPU.ActiveCfg = Release|x86
		{E1D0D261-0268-4BB4-A5FA-2041199528C4}.AppStore|Any CPU.Build.0 = Release|x86
		{E1D0D261-0268-4BB4-A5FA-2041199528C4}.AppStore|Any CPU.Deploy.0 = Release|x86
		{E1D0D261-0268-4BB4-A5FA-2041199528C4}.AppStore|ARM.ActiveCfg = Release|ARM
		{E1D0D261-0268-4BB4-A5FA-2041199528C4}.AppStore|ARM.Build.0 = Release|ARM
		{E1D0D261-0268-4BB4-A5FA-2041199528C4}.AppStore|ARM.Deploy.0 = Release|ARM
		{E1D0D261-0268-4BB4-A5FA-2041199528C4}.AppStore|iPhone.ActiveCfg = Release|x86
		{E1D0D261-0268-4BB4-A5FA-2041199528C4}.AppStore|iPhone.Build.0 = Release|x86
		{E1D0D261-0268-4BB4-A5FA-2041199528C4}.AppStore|iPhone.Deploy.0 = Release|x86
		{E1D0D261-0268-4BB4-A5FA-2041199528C4}.AppStore|iPhoneSimulator.ActiveCfg = Release|x86
		{E1D0D261-0268-4BB4-A5FA-2041199528C4}.AppStore|iPhoneSimulator.Build.0 = Release|x86
		{E1D0D261-0268-4BB4-A5FA-2041199528C4}.AppStore|iPhoneSimulator.Deploy.0 = Release|x86
		{E1D0D261-0268-4BB4-A5FA-2041199528C4}.AppStore|x64.ActiveCfg = Release|x64
		{E1D0D261-0268-4BB4-A5FA-2041199528C4}.AppStore|x64.Build.0 = Release|x64
		{E1D0D261-0268-4BB4-A5FA-2041199528C4}.AppStore|x64.Deploy.0 = Release|x64
		{E1D0D261-0268-4BB4-A5FA-2041199528C4}.AppStore|x86.ActiveCfg = Release|x86
		{E1D0D261-0268-4BB4-A5FA-2041199528C4}.AppStore|x86.Build.0 = Release|x86
		{E1D0D261-0268-4BB4-A5FA-2041199528C4}.AppStore|x86.Deploy.0 = Release|x86
		{E1D0D261-0268-4BB4-A5FA-2041199528C4}.Debug|Any CPU.ActiveCfg = Debug|x86
		{E1D0D261-0268-4BB4-A5FA-2041199528C4}.Debug|Any CPU.Build.0 = Debug|x86
		{E1D0D261-0268-4BB4-A5FA-2041199528C4}.Debug|Any CPU.Deploy.0 = Debug|x86
		{E1D0D261-0268-4BB4-A5FA-2041199528C4}.Debug|ARM.ActiveCfg = Debug|ARM
		{E1D0D261-0268-4BB4-A5FA-2041199528C4}.Debug|ARM.Build.0 = Debug|ARM
		{E1D0D261-0268-4BB4-A5FA-2041199528C4}.Debug|ARM.Deploy.0 = Debug|ARM
		{E1D0D261-0268-4BB4-A5FA-2041199528C4}.Debug|iPhone.ActiveCfg = Debug|x86
		{E1D0D261-0268-4BB4-A5FA-2041199528C4}.Debug|iPhone.Build.0 = Debug|x86
		{E1D0D261-0268-4BB4-A5FA-2041199528C4}.Debug|iPhone.Deploy.0 = Debug|x86
		{E1D0D261-0268-4BB4-A5FA-2041199528C4}.Debug|iPhoneSimulator.ActiveCfg = Debug|x86
		{E1D0D261-0268-4BB4-A5FA-2041199528C4}.Debug|iPhoneSimulator.Build.0 = Debug|x86
		{E1D0D261-0268-4BB4-A5FA-2041199528C4}.Debug|iPhoneSimulator.Deploy.0 = Debug|x86
		{E1D0D261-0268-4BB4-A5FA-2041199528C4}.Debug|x64.ActiveCfg = Debug|x64
		{E1D0D261-0268-4BB4-A5FA-2041199528C4}.Debug|x64.Build.0 = Debug|x64
		{E1D0D261-0268-4BB4-A5FA-2041199528C4}.Debug|x64.Deploy.0 = Debug|x64
		{E1D0D261-0268-4BB4-A5FA-2041199528C4}.Debug|x86.ActiveCfg = Debug|x86
		{E1D0D261-0268-4BB4-A5FA-2041199528C4}.Debug|x86.Build.0 = Debug|x86
		{E1D0D261-0268-4BB4-A5FA-2041199528C4}.Debug|x86.Deploy.0 = Debug|x86
		{E1D0D261-0268-4BB4-A5FA-2041199528C4}.Release|Any CPU.ActiveCfg = Release|x86
		{E1D0D261-0268-4BB4-A5FA-2041199528C4}.Release|Any CPU.Build.0 = Release|x86
		{E1D0D261-0268-4BB4-A5FA-2041199528C4}.Release|Any CPU.Deploy.0 = Release|x86
		{E1D0D261-0268-4BB4-A5FA-2041199528C4}.Release|ARM.ActiveCfg = Release|ARM
		{E1D0D261-0268-4BB4-A5FA-2041199528C4}.Release|ARM.Build.0 = Release|ARM
		{E1D0D261-0268-4BB4-A5FA-2041199528C4}.Release|ARM.Deploy.0 = Release|ARM
		{E1D0D261-0268-4BB4-A5FA-2041199528C4}.Release|iPhone.ActiveCfg = Release|x86
		{E1D0D261-0268-4BB4-A5FA-2041199528C4}.Release|iPhone.Build.0 = Release|x86
		{E1D0D261-0268-4BB4-A5FA-2041199528C4}.Release|iPhone.Deploy.0 = Release|x86
		{E1D0D261-0268-4BB4-A5FA-2041199528C4}.Release|iPhoneSimulator.ActiveCfg = Release|x86
		{E1D0D261-0268-4BB4-A5FA-2041199528C4}.Release|iPhoneSimulator.Build.0 = Release|x86
		{E1D0D261-0268-4BB4-A5FA-2041199528C4}.Release|iPhoneSimulator.Deploy.0 = Release|x86
		{E1D0D261-0268-4BB4-A5FA-2041199528C4}.Release|x64.ActiveCfg = Release|x64
		{E1D0D261-0268-4BB4-A5FA-2041199528C4}.Release|x64.Build.0 = Release|x64
		{E1D0D261-0268-4BB4-A5FA-2041199528C4}.Release|x64.Deploy.0 = Release|x64
		{E1D0D261-0268-4BB4-A5FA-2041199528C4}.Release|x86.ActiveCfg = Release|x86
		{E1D0D261-0268-4BB4-A5FA-2041199528C4}.Release|x86.Build.0 = Release|x86
		{E1D0D261-0268-4BB4-A5FA-2041199528C4}.Release|x86.Deploy.0 = Release|x86
		{A91007D2-450E-444D-A714-E13DB1E2BC02}.Ad-Hoc|Any CPU.ActiveCfg = Debug|Any CPU
		{A91007D2-450E-444D-A714-E13DB1E2BC02}.Ad-Hoc|Any CPU.Build.0 = Debug|Any CPU
		{A91007D2-450E-444D-A714-E13DB1E2BC02}.Ad-Hoc|Any CPU.Deploy.0 = Debug|Any CPU
		{A91007D2-450E-444D-A714-E13DB1E2BC02}.Ad-Hoc|ARM.ActiveCfg = Debug|Any CPU
		{A91007D2-450E-444D-A714-E13DB1E2BC02}.Ad-Hoc|ARM.Build.0 = Debug|Any CPU
		{A91007D2-450E-444D-A714-E13DB1E2BC02}.Ad-Hoc|ARM.Deploy.0 = Debug|Any CPU
		{A91007D2-450E-444D-A714-E13DB1E2BC02}.Ad-Hoc|iPhone.ActiveCfg = Debug|Any CPU
		{A91007D2-450E-444D-A714-E13DB1E2BC02}.Ad-Hoc|iPhone.Build.0 = Debug|Any CPU
		{A91007D2-450E-444D-A714-E13DB1E2BC02}.Ad-Hoc|iPhone.Deploy.0 = Debug|Any CPU
		{A91007D2-450E-444D-A714-E13DB1E2BC02}.Ad-Hoc|iPhoneSimulator.ActiveCfg = Debug|Any CPU
		{A91007D2-450E-444D-A714-E13DB1E2BC02}.Ad-Hoc|iPhoneSimulator.Build.0 = Debug|Any CPU
		{A91007D2-450E-444D-A714-E13DB1E2BC02}.Ad-Hoc|iPhoneSimulator.Deploy.0 = Debug|Any CPU
		{A91007D2-450E-444D-A714-E13DB1E2BC02}.Ad-Hoc|x64.ActiveCfg = Debug|Any CPU
		{A91007D2-450E-444D-A714-E13DB1E2BC02}.Ad-Hoc|x64.Build.0 = Debug|Any CPU
		{A91007D2-450E-444D-A714-E13DB1E2BC02}.Ad-Hoc|x64.Deploy.0 = Debug|Any CPU
		{A91007D2-450E-444D-A714-E13DB1E2BC02}.Ad-Hoc|x86.ActiveCfg = Debug|Any CPU
		{A91007D2-450E-444D-A714-E13DB1E2BC02}.Ad-Hoc|x86.Build.0 = Debug|Any CPU
		{A91007D2-450E-444D-A714-E13DB1E2BC02}.Ad-Hoc|x86.Deploy.0 = Debug|Any CPU
		{A91007D2-450E-444D-A714-E13DB1E2BC02}.AppStore|Any CPU.ActiveCfg = Debug|Any CPU
		{A91007D2-450E-444D-A714-E13DB1E2BC02}.AppStore|Any CPU.Build.0 = Debug|Any CPU
		{A91007D2-450E-444D-A714-E13DB1E2BC02}.AppStore|Any CPU.Deploy.0 = Debug|Any CPU
		{A91007D2-450E-444D-A714-E13DB1E2BC02}.AppStore|ARM.ActiveCfg = Debug|Any CPU
		{A91007D2-450E-444D-A714-E13DB1E2BC02}.AppStore|ARM.Build.0 = Debug|Any CPU
		{A91007D2-450E-444D-A714-E13DB1E2BC02}.AppStore|ARM.Deploy.0 = Debug|Any CPU
		{A91007D2-450E-444D-A714-E13DB1E2BC02}.AppStore|iPhone.ActiveCfg = Debug|Any CPU
		{A91007D2-450E-444D-A714-E13DB1E2BC02}.AppStore|iPhone.Build.0 = Debug|Any CPU
		{A91007D2-450E-444D-A714-E13DB1E2BC02}.AppStore|iPhone.Deploy.0 = Debug|Any CPU
		{A91007D2-450E-444D-A714-E13DB1E2BC02}.AppStore|iPhoneSimulator.ActiveCfg = Debug|Any CPU
		{A91007D2-450E-444D-A714-E13DB1E2BC02}.AppStore|iPhoneSimulator.Build.0 = Debug|Any CPU
		{A91007D2-450E-444D-A714-E13DB1E2BC02}.AppStore|iPhoneSimulator.Deploy.0 = Debug|Any CPU
		{A91007D2-450E-444D-A714-E13DB1E2BC02}.AppStore|x64.ActiveCfg = Debug|Any CPU
		{A91007D2-450E-444D-A714-E13DB1E2BC02}.AppStore|x64.Build.0 = Debug|Any CPU
		{A91007D2-450E-444D-A714-E13DB1E2BC02}.AppStore|x64.Deploy.0 = Debug|Any CPU
		{A91007D2-450E-444D-A714-E13DB1E2BC02}.AppStore|x86.ActiveCfg = Debug|Any CPU
		{A91007D2-450E-444D-A714-E13DB1E2BC02}.AppStore|x86.Build.0 = Debug|Any CPU
		{A91007D2-450E-444D-A714-E13DB1E2BC02}.AppStore|x86.Deploy.0 = Debug|Any CPU
		{A91007D2-450E-444D-A714-E13DB1E2BC02}.Debug|Any CPU.ActiveCfg = Debug|Any CPU
		{A91007D2-450E-444D-A714-E13DB1E2BC02}.Debug|Any CPU.Build.0 = Debug|Any CPU
		{A91007D2-450E-444D-A714-E13DB1E2BC02}.Debug|Any CPU.Deploy.0 = Debug|Any CPU
		{A91007D2-450E-444D-A714-E13DB1E2BC02}.Debug|ARM.ActiveCfg = Debug|Any CPU
		{A91007D2-450E-444D-A714-E13DB1E2BC02}.Debug|ARM.Build.0 = Debug|Any CPU
		{A91007D2-450E-444D-A714-E13DB1E2BC02}.Debug|ARM.Deploy.0 = Debug|Any CPU
		{A91007D2-450E-444D-A714-E13DB1E2BC02}.Debug|iPhone.ActiveCfg = Debug|Any CPU
		{A91007D2-450E-444D-A714-E13DB1E2BC02}.Debug|iPhone.Build.0 = Debug|Any CPU
		{A91007D2-450E-444D-A714-E13DB1E2BC02}.Debug|iPhone.Deploy.0 = Debug|Any CPU
		{A91007D2-450E-444D-A714-E13DB1E2BC02}.Debug|iPhoneSimulator.ActiveCfg = Debug|Any CPU
		{A91007D2-450E-444D-A714-E13DB1E2BC02}.Debug|iPhoneSimulator.Build.0 = Debug|Any CPU
		{A91007D2-450E-444D-A714-E13DB1E2BC02}.Debug|iPhoneSimulator.Deploy.0 = Debug|Any CPU
		{A91007D2-450E-444D-A714-E13DB1E2BC02}.Debug|x64.ActiveCfg = Debug|Any CPU
		{A91007D2-450E-444D-A714-E13DB1E2BC02}.Debug|x64.Build.0 = Debug|Any CPU
		{A91007D2-450E-444D-A714-E13DB1E2BC02}.Debug|x64.Deploy.0 = Debug|Any CPU
		{A91007D2-450E-444D-A714-E13DB1E2BC02}.Debug|x86.ActiveCfg = Debug|Any CPU
		{A91007D2-450E-444D-A714-E13DB1E2BC02}.Debug|x86.Build.0 = Debug|Any CPU
		{A91007D2-450E-444D-A714-E13DB1E2BC02}.Debug|x86.Deploy.0 = Debug|Any CPU
		{A91007D2-450E-444D-A714-E13DB1E2BC02}.Release|Any CPU.ActiveCfg = Release|Any CPU
		{A91007D2-450E-444D-A714-E13DB1E2BC02}.Release|Any CPU.Build.0 = Release|Any CPU
		{A91007D2-450E-444D-A714-E13DB1E2BC02}.Release|Any CPU.Deploy.0 = Release|Any CPU
		{A91007D2-450E-444D-A714-E13DB1E2BC02}.Release|ARM.ActiveCfg = Release|Any CPU
		{A91007D2-450E-444D-A714-E13DB1E2BC02}.Release|ARM.Build.0 = Release|Any CPU
		{A91007D2-450E-444D-A714-E13DB1E2BC02}.Release|ARM.Deploy.0 = Release|Any CPU
		{A91007D2-450E-444D-A714-E13DB1E2BC02}.Release|iPhone.ActiveCfg = Release|Any CPU
		{A91007D2-450E-444D-A714-E13DB1E2BC02}.Release|iPhone.Build.0 = Release|Any CPU
		{A91007D2-450E-444D-A714-E13DB1E2BC02}.Release|iPhone.Deploy.0 = Release|Any CPU
		{A91007D2-450E-444D-A714-E13DB1E2BC02}.Release|iPhoneSimulator.ActiveCfg = Release|Any CPU
		{A91007D2-450E-444D-A714-E13DB1E2BC02}.Release|iPhoneSimulator.Build.0 = Release|Any CPU
		{A91007D2-450E-444D-A714-E13DB1E2BC02}.Release|iPhoneSimulator.Deploy.0 = Release|Any CPU
		{A91007D2-450E-444D-A714-E13DB1E2BC02}.Release|x64.ActiveCfg = Release|Any CPU
		{A91007D2-450E-444D-A714-E13DB1E2BC02}.Release|x64.Build.0 = Release|Any CPU
		{A91007D2-450E-444D-A714-E13DB1E2BC02}.Release|x64.Deploy.0 = Release|Any CPU
		{A91007D2-450E-444D-A714-E13DB1E2BC02}.Release|x86.ActiveCfg = Release|Any CPU
		{A91007D2-450E-444D-A714-E13DB1E2BC02}.Release|x86.Build.0 = Release|Any CPU
		{A91007D2-450E-444D-A714-E13DB1E2BC02}.Release|x86.Deploy.0 = Release|Any CPU
		{F12C67F9-5FA6-42DF-9A99-3E5FAA65ACA0}.Ad-Hoc|Any CPU.ActiveCfg = Release|Any CPU
		{F12C67F9-5FA6-42DF-9A99-3E5FAA65ACA0}.Ad-Hoc|Any CPU.Build.0 = Release|Any CPU
		{F12C67F9-5FA6-42DF-9A99-3E5FAA65ACA0}.Ad-Hoc|ARM.ActiveCfg = Release|Any CPU
		{F12C67F9-5FA6-42DF-9A99-3E5FAA65ACA0}.Ad-Hoc|ARM.Build.0 = Release|Any CPU
		{F12C67F9-5FA6-42DF-9A99-3E5FAA65ACA0}.Ad-Hoc|iPhone.ActiveCfg = Release|Any CPU
		{F12C67F9-5FA6-42DF-9A99-3E5FAA65ACA0}.Ad-Hoc|iPhone.Build.0 = Release|Any CPU
		{F12C67F9-5FA6-42DF-9A99-3E5FAA65ACA0}.Ad-Hoc|iPhoneSimulator.ActiveCfg = Release|Any CPU
		{F12C67F9-5FA6-42DF-9A99-3E5FAA65ACA0}.Ad-Hoc|iPhoneSimulator.Build.0 = Release|Any CPU
		{F12C67F9-5FA6-42DF-9A99-3E5FAA65ACA0}.Ad-Hoc|x64.ActiveCfg = Release|Any CPU
		{F12C67F9-5FA6-42DF-9A99-3E5FAA65ACA0}.Ad-Hoc|x64.Build.0 = Release|Any CPU
		{F12C67F9-5FA6-42DF-9A99-3E5FAA65ACA0}.Ad-Hoc|x86.ActiveCfg = Release|Any CPU
		{F12C67F9-5FA6-42DF-9A99-3E5FAA65ACA0}.Ad-Hoc|x86.Build.0 = Release|Any CPU
		{F12C67F9-5FA6-42DF-9A99-3E5FAA65ACA0}.AppStore|Any CPU.ActiveCfg = Release|Any CPU
		{F12C67F9-5FA6-42DF-9A99-3E5FAA65ACA0}.AppStore|Any CPU.Build.0 = Release|Any CPU
		{F12C67F9-5FA6-42DF-9A99-3E5FAA65ACA0}.AppStore|ARM.ActiveCfg = Release|Any CPU
		{F12C67F9-5FA6-42DF-9A99-3E5FAA65ACA0}.AppStore|ARM.Build.0 = Release|Any CPU
		{F12C67F9-5FA6-42DF-9A99-3E5FAA65ACA0}.AppStore|iPhone.ActiveCfg = Release|Any CPU
		{F12C67F9-5FA6-42DF-9A99-3E5FAA65ACA0}.AppStore|iPhone.Build.0 = Release|Any CPU
		{F12C67F9-5FA6-42DF-9A99-3E5FAA65ACA0}.AppStore|iPhoneSimulator.ActiveCfg = Release|Any CPU
		{F12C67F9-5FA6-42DF-9A99-3E5FAA65ACA0}.AppStore|iPhoneSimulator.Build.0 = Release|Any CPU
		{F12C67F9-5FA6-42DF-9A99-3E5FAA65ACA0}.AppStore|x64.ActiveCfg = Release|Any CPU
		{F12C67F9-5FA6-42DF-9A99-3E5FAA65ACA0}.AppStore|x64.Build.0 = Release|Any CPU
		{F12C67F9-5FA6-42DF-9A99-3E5FAA65ACA0}.AppStore|x86.ActiveCfg = Release|Any CPU
		{F12C67F9-5FA6-42DF-9A99-3E5FAA65ACA0}.AppStore|x86.Build.0 = Release|Any CPU
		{F12C67F9-5FA6-42DF-9A99-3E5FAA65ACA0}.Debug|Any CPU.ActiveCfg = Debug|Any CPU
		{F12C67F9-5FA6-42DF-9A99-3E5FAA65ACA0}.Debug|Any CPU.Build.0 = Debug|Any CPU
		{F12C67F9-5FA6-42DF-9A99-3E5FAA65ACA0}.Debug|ARM.ActiveCfg = Debug|Any CPU
		{F12C67F9-5FA6-42DF-9A99-3E5FAA65ACA0}.Debug|ARM.Build.0 = Debug|Any CPU
		{F12C67F9-5FA6-42DF-9A99-3E5FAA65ACA0}.Debug|iPhone.ActiveCfg = Debug|Any CPU
		{F12C67F9-5FA6-42DF-9A99-3E5FAA65ACA0}.Debug|iPhone.Build.0 = Debug|Any CPU
		{F12C67F9-5FA6-42DF-9A99-3E5FAA65ACA0}.Debug|iPhoneSimulator.ActiveCfg = Debug|Any CPU
		{F12C67F9-5FA6-42DF-9A99-3E5FAA65ACA0}.Debug|iPhoneSimulator.Build.0 = Debug|Any CPU
		{F12C67F9-5FA6-42DF-9A99-3E5FAA65ACA0}.Debug|x64.ActiveCfg = Debug|Any CPU
		{F12C67F9-5FA6-42DF-9A99-3E5FAA65ACA0}.Debug|x64.Build.0 = Debug|Any CPU
		{F12C67F9-5FA6-42DF-9A99-3E5FAA65ACA0}.Debug|x86.ActiveCfg = Debug|Any CPU
		{F12C67F9-5FA6-42DF-9A99-3E5FAA65ACA0}.Debug|x86.Build.0 = Debug|Any CPU
		{F12C67F9-5FA6-42DF-9A99-3E5FAA65ACA0}.Release|Any CPU.ActiveCfg = Release|Any CPU
		{F12C67F9-5FA6-42DF-9A99-3E5FAA65ACA0}.Release|Any CPU.Build.0 = Release|Any CPU
		{F12C67F9-5FA6-42DF-9A99-3E5FAA65ACA0}.Release|ARM.ActiveCfg = Release|Any CPU
		{F12C67F9-5FA6-42DF-9A99-3E5FAA65ACA0}.Release|ARM.Build.0 = Release|Any CPU
		{F12C67F9-5FA6-42DF-9A99-3E5FAA65ACA0}.Release|iPhone.ActiveCfg = Release|Any CPU
		{F12C67F9-5FA6-42DF-9A99-3E5FAA65ACA0}.Release|iPhone.Build.0 = Release|Any CPU
		{F12C67F9-5FA6-42DF-9A99-3E5FAA65ACA0}.Release|iPhoneSimulator.ActiveCfg = Release|Any CPU
		{F12C67F9-5FA6-42DF-9A99-3E5FAA65ACA0}.Release|iPhoneSimulator.Build.0 = Release|Any CPU
		{F12C67F9-5FA6-42DF-9A99-3E5FAA65ACA0}.Release|x64.ActiveCfg = Release|Any CPU
		{F12C67F9-5FA6-42DF-9A99-3E5FAA65ACA0}.Release|x64.Build.0 = Release|Any CPU
		{F12C67F9-5FA6-42DF-9A99-3E5FAA65ACA0}.Release|x86.ActiveCfg = Release|Any CPU
		{F12C67F9-5FA6-42DF-9A99-3E5FAA65ACA0}.Release|x86.Build.0 = Release|Any CPU
		{6C754BF4-3353-463B-9EFC-07C25A555301}.Ad-Hoc|Any CPU.ActiveCfg = Release|Any CPU
		{6C754BF4-3353-463B-9EFC-07C25A555301}.Ad-Hoc|Any CPU.Build.0 = Release|Any CPU
		{6C754BF4-3353-463B-9EFC-07C25A555301}.Ad-Hoc|ARM.ActiveCfg = Release|Any CPU
		{6C754BF4-3353-463B-9EFC-07C25A555301}.Ad-Hoc|ARM.Build.0 = Release|Any CPU
		{6C754BF4-3353-463B-9EFC-07C25A555301}.Ad-Hoc|iPhone.ActiveCfg = Release|Any CPU
		{6C754BF4-3353-463B-9EFC-07C25A555301}.Ad-Hoc|iPhone.Build.0 = Release|Any CPU
		{6C754BF4-3353-463B-9EFC-07C25A555301}.Ad-Hoc|iPhoneSimulator.ActiveCfg = Release|Any CPU
		{6C754BF4-3353-463B-9EFC-07C25A555301}.Ad-Hoc|iPhoneSimulator.Build.0 = Release|Any CPU
		{6C754BF4-3353-463B-9EFC-07C25A555301}.Ad-Hoc|x64.ActiveCfg = Release|Any CPU
		{6C754BF4-3353-463B-9EFC-07C25A555301}.Ad-Hoc|x64.Build.0 = Release|Any CPU
		{6C754BF4-3353-463B-9EFC-07C25A555301}.Ad-Hoc|x86.ActiveCfg = Release|Any CPU
		{6C754BF4-3353-463B-9EFC-07C25A555301}.Ad-Hoc|x86.Build.0 = Release|Any CPU
		{6C754BF4-3353-463B-9EFC-07C25A555301}.AppStore|Any CPU.ActiveCfg = Release|Any CPU
		{6C754BF4-3353-463B-9EFC-07C25A555301}.AppStore|Any CPU.Build.0 = Release|Any CPU
		{6C754BF4-3353-463B-9EFC-07C25A555301}.AppStore|ARM.ActiveCfg = Release|Any CPU
		{6C754BF4-3353-463B-9EFC-07C25A555301}.AppStore|ARM.Build.0 = Release|Any CPU
		{6C754BF4-3353-463B-9EFC-07C25A555301}.AppStore|iPhone.ActiveCfg = Release|Any CPU
		{6C754BF4-3353-463B-9EFC-07C25A555301}.AppStore|iPhone.Build.0 = Release|Any CPU
		{6C754BF4-3353-463B-9EFC-07C25A555301}.AppStore|iPhoneSimulator.ActiveCfg = Release|Any CPU
		{6C754BF4-3353-463B-9EFC-07C25A555301}.AppStore|iPhoneSimulator.Build.0 = Release|Any CPU
		{6C754BF4-3353-463B-9EFC-07C25A555301}.AppStore|x64.ActiveCfg = Release|Any CPU
		{6C754BF4-3353-463B-9EFC-07C25A555301}.AppStore|x64.Build.0 = Release|Any CPU
		{6C754BF4-3353-463B-9EFC-07C25A555301}.AppStore|x86.ActiveCfg = Release|Any CPU
		{6C754BF4-3353-463B-9EFC-07C25A555301}.AppStore|x86.Build.0 = Release|Any CPU
		{6C754BF4-3353-463B-9EFC-07C25A555301}.Debug|Any CPU.ActiveCfg = Debug|Any CPU
		{6C754BF4-3353-463B-9EFC-07C25A555301}.Debug|Any CPU.Build.0 = Debug|Any CPU
		{6C754BF4-3353-463B-9EFC-07C25A555301}.Debug|ARM.ActiveCfg = Debug|Any CPU
		{6C754BF4-3353-463B-9EFC-07C25A555301}.Debug|ARM.Build.0 = Debug|Any CPU
		{6C754BF4-3353-463B-9EFC-07C25A555301}.Debug|iPhone.ActiveCfg = Debug|Any CPU
		{6C754BF4-3353-463B-9EFC-07C25A555301}.Debug|iPhone.Build.0 = Debug|Any CPU
		{6C754BF4-3353-463B-9EFC-07C25A555301}.Debug|iPhoneSimulator.ActiveCfg = Debug|Any CPU
		{6C754BF4-3353-463B-9EFC-07C25A555301}.Debug|iPhoneSimulator.Build.0 = Debug|Any CPU
		{6C754BF4-3353-463B-9EFC-07C25A555301}.Debug|x64.ActiveCfg = Debug|Any CPU
		{6C754BF4-3353-463B-9EFC-07C25A555301}.Debug|x64.Build.0 = Debug|Any CPU
		{6C754BF4-3353-463B-9EFC-07C25A555301}.Debug|x86.ActiveCfg = Debug|Any CPU
		{6C754BF4-3353-463B-9EFC-07C25A555301}.Debug|x86.Build.0 = Debug|Any CPU
		{6C754BF4-3353-463B-9EFC-07C25A555301}.Release|Any CPU.ActiveCfg = Release|Any CPU
		{6C754BF4-3353-463B-9EFC-07C25A555301}.Release|Any CPU.Build.0 = Release|Any CPU
		{6C754BF4-3353-463B-9EFC-07C25A555301}.Release|ARM.ActiveCfg = Release|Any CPU
		{6C754BF4-3353-463B-9EFC-07C25A555301}.Release|ARM.Build.0 = Release|Any CPU
		{6C754BF4-3353-463B-9EFC-07C25A555301}.Release|iPhone.ActiveCfg = Release|Any CPU
		{6C754BF4-3353-463B-9EFC-07C25A555301}.Release|iPhone.Build.0 = Release|Any CPU
		{6C754BF4-3353-463B-9EFC-07C25A555301}.Release|iPhoneSimulator.ActiveCfg = Release|Any CPU
		{6C754BF4-3353-463B-9EFC-07C25A555301}.Release|iPhoneSimulator.Build.0 = Release|Any CPU
		{6C754BF4-3353-463B-9EFC-07C25A555301}.Release|x64.ActiveCfg = Release|Any CPU
		{6C754BF4-3353-463B-9EFC-07C25A555301}.Release|x64.Build.0 = Release|Any CPU
		{6C754BF4-3353-463B-9EFC-07C25A555301}.Release|x86.ActiveCfg = Release|Any CPU
		{6C754BF4-3353-463B-9EFC-07C25A555301}.Release|x86.Build.0 = Release|Any CPU
		{E124D1F4-46D9-4639-B087-AA2EDD89EDC7}.Ad-Hoc|Any CPU.ActiveCfg = Release|Any CPU
		{E124D1F4-46D9-4639-B087-AA2EDD89EDC7}.Ad-Hoc|Any CPU.Build.0 = Release|Any CPU
		{E124D1F4-46D9-4639-B087-AA2EDD89EDC7}.Ad-Hoc|ARM.ActiveCfg = Release|Any CPU
		{E124D1F4-46D9-4639-B087-AA2EDD89EDC7}.Ad-Hoc|ARM.Build.0 = Release|Any CPU
		{E124D1F4-46D9-4639-B087-AA2EDD89EDC7}.Ad-Hoc|iPhone.ActiveCfg = Release|Any CPU
		{E124D1F4-46D9-4639-B087-AA2EDD89EDC7}.Ad-Hoc|iPhone.Build.0 = Release|Any CPU
		{E124D1F4-46D9-4639-B087-AA2EDD89EDC7}.Ad-Hoc|iPhoneSimulator.ActiveCfg = Release|Any CPU
		{E124D1F4-46D9-4639-B087-AA2EDD89EDC7}.Ad-Hoc|iPhoneSimulator.Build.0 = Release|Any CPU
		{E124D1F4-46D9-4639-B087-AA2EDD89EDC7}.Ad-Hoc|x64.ActiveCfg = Release|Any CPU
		{E124D1F4-46D9-4639-B087-AA2EDD89EDC7}.Ad-Hoc|x64.Build.0 = Release|Any CPU
		{E124D1F4-46D9-4639-B087-AA2EDD89EDC7}.Ad-Hoc|x86.ActiveCfg = Release|Any CPU
		{E124D1F4-46D9-4639-B087-AA2EDD89EDC7}.Ad-Hoc|x86.Build.0 = Release|Any CPU
		{E124D1F4-46D9-4639-B087-AA2EDD89EDC7}.AppStore|Any CPU.ActiveCfg = Release|Any CPU
		{E124D1F4-46D9-4639-B087-AA2EDD89EDC7}.AppStore|Any CPU.Build.0 = Release|Any CPU
		{E124D1F4-46D9-4639-B087-AA2EDD89EDC7}.AppStore|ARM.ActiveCfg = Release|Any CPU
		{E124D1F4-46D9-4639-B087-AA2EDD89EDC7}.AppStore|ARM.Build.0 = Release|Any CPU
		{E124D1F4-46D9-4639-B087-AA2EDD89EDC7}.AppStore|iPhone.ActiveCfg = Release|Any CPU
		{E124D1F4-46D9-4639-B087-AA2EDD89EDC7}.AppStore|iPhone.Build.0 = Release|Any CPU
		{E124D1F4-46D9-4639-B087-AA2EDD89EDC7}.AppStore|iPhoneSimulator.ActiveCfg = Release|Any CPU
		{E124D1F4-46D9-4639-B087-AA2EDD89EDC7}.AppStore|iPhoneSimulator.Build.0 = Release|Any CPU
		{E124D1F4-46D9-4639-B087-AA2EDD89EDC7}.AppStore|x64.ActiveCfg = Release|Any CPU
		{E124D1F4-46D9-4639-B087-AA2EDD89EDC7}.AppStore|x64.Build.0 = Release|Any CPU
		{E124D1F4-46D9-4639-B087-AA2EDD89EDC7}.AppStore|x86.ActiveCfg = Release|Any CPU
		{E124D1F4-46D9-4639-B087-AA2EDD89EDC7}.AppStore|x86.Build.0 = Release|Any CPU
		{E124D1F4-46D9-4639-B087-AA2EDD89EDC7}.Debug|Any CPU.ActiveCfg = Debug|Any CPU
		{E124D1F4-46D9-4639-B087-AA2EDD89EDC7}.Debug|Any CPU.Build.0 = Debug|Any CPU
		{E124D1F4-46D9-4639-B087-AA2EDD89EDC7}.Debug|ARM.ActiveCfg = Debug|Any CPU
		{E124D1F4-46D9-4639-B087-AA2EDD89EDC7}.Debug|ARM.Build.0 = Debug|Any CPU
		{E124D1F4-46D9-4639-B087-AA2EDD89EDC7}.Debug|iPhone.ActiveCfg = Debug|Any CPU
		{E124D1F4-46D9-4639-B087-AA2EDD89EDC7}.Debug|iPhone.Build.0 = Debug|Any CPU
		{E124D1F4-46D9-4639-B087-AA2EDD89EDC7}.Debug|iPhoneSimulator.ActiveCfg = Debug|Any CPU
		{E124D1F4-46D9-4639-B087-AA2EDD89EDC7}.Debug|iPhoneSimulator.Build.0 = Debug|Any CPU
		{E124D1F4-46D9-4639-B087-AA2EDD89EDC7}.Debug|x64.ActiveCfg = Debug|Any CPU
		{E124D1F4-46D9-4639-B087-AA2EDD89EDC7}.Debug|x64.Build.0 = Debug|Any CPU
		{E124D1F4-46D9-4639-B087-AA2EDD89EDC7}.Debug|x86.ActiveCfg = Debug|Any CPU
		{E124D1F4-46D9-4639-B087-AA2EDD89EDC7}.Debug|x86.Build.0 = Debug|Any CPU
		{E124D1F4-46D9-4639-B087-AA2EDD89EDC7}.Release|Any CPU.ActiveCfg = Release|Any CPU
		{E124D1F4-46D9-4639-B087-AA2EDD89EDC7}.Release|Any CPU.Build.0 = Release|Any CPU
		{E124D1F4-46D9-4639-B087-AA2EDD89EDC7}.Release|ARM.ActiveCfg = Release|Any CPU
		{E124D1F4-46D9-4639-B087-AA2EDD89EDC7}.Release|ARM.Build.0 = Release|Any CPU
		{E124D1F4-46D9-4639-B087-AA2EDD89EDC7}.Release|iPhone.ActiveCfg = Release|Any CPU
		{E124D1F4-46D9-4639-B087-AA2EDD89EDC7}.Release|iPhone.Build.0 = Release|Any CPU
		{E124D1F4-46D9-4639-B087-AA2EDD89EDC7}.Release|iPhoneSimulator.ActiveCfg = Release|Any CPU
		{E124D1F4-46D9-4639-B087-AA2EDD89EDC7}.Release|iPhoneSimulator.Build.0 = Release|Any CPU
		{E124D1F4-46D9-4639-B087-AA2EDD89EDC7}.Release|x64.ActiveCfg = Release|Any CPU
		{E124D1F4-46D9-4639-B087-AA2EDD89EDC7}.Release|x64.Build.0 = Release|Any CPU
		{E124D1F4-46D9-4639-B087-AA2EDD89EDC7}.Release|x86.ActiveCfg = Release|Any CPU
		{E124D1F4-46D9-4639-B087-AA2EDD89EDC7}.Release|x86.Build.0 = Release|Any CPU
		{6C8E55DA-60D2-4845-B198-C98842F947FD}.Ad-Hoc|Any CPU.ActiveCfg = Release|Any CPU
		{6C8E55DA-60D2-4845-B198-C98842F947FD}.Ad-Hoc|Any CPU.Build.0 = Release|Any CPU
		{6C8E55DA-60D2-4845-B198-C98842F947FD}.Ad-Hoc|ARM.ActiveCfg = Release|Any CPU
		{6C8E55DA-60D2-4845-B198-C98842F947FD}.Ad-Hoc|ARM.Build.0 = Release|Any CPU
		{6C8E55DA-60D2-4845-B198-C98842F947FD}.Ad-Hoc|iPhone.ActiveCfg = Release|Any CPU
		{6C8E55DA-60D2-4845-B198-C98842F947FD}.Ad-Hoc|iPhone.Build.0 = Release|Any CPU
		{6C8E55DA-60D2-4845-B198-C98842F947FD}.Ad-Hoc|iPhoneSimulator.ActiveCfg = Release|Any CPU
		{6C8E55DA-60D2-4845-B198-C98842F947FD}.Ad-Hoc|iPhoneSimulator.Build.0 = Release|Any CPU
		{6C8E55DA-60D2-4845-B198-C98842F947FD}.Ad-Hoc|x64.ActiveCfg = Release|Any CPU
		{6C8E55DA-60D2-4845-B198-C98842F947FD}.Ad-Hoc|x64.Build.0 = Release|Any CPU
		{6C8E55DA-60D2-4845-B198-C98842F947FD}.Ad-Hoc|x86.ActiveCfg = Release|Any CPU
		{6C8E55DA-60D2-4845-B198-C98842F947FD}.Ad-Hoc|x86.Build.0 = Release|Any CPU
		{6C8E55DA-60D2-4845-B198-C98842F947FD}.AppStore|Any CPU.ActiveCfg = Release|Any CPU
		{6C8E55DA-60D2-4845-B198-C98842F947FD}.AppStore|Any CPU.Build.0 = Release|Any CPU
		{6C8E55DA-60D2-4845-B198-C98842F947FD}.AppStore|ARM.ActiveCfg = Release|Any CPU
		{6C8E55DA-60D2-4845-B198-C98842F947FD}.AppStore|ARM.Build.0 = Release|Any CPU
		{6C8E55DA-60D2-4845-B198-C98842F947FD}.AppStore|iPhone.ActiveCfg = Release|Any CPU
		{6C8E55DA-60D2-4845-B198-C98842F947FD}.AppStore|iPhone.Build.0 = Release|Any CPU
		{6C8E55DA-60D2-4845-B198-C98842F947FD}.AppStore|iPhoneSimulator.ActiveCfg = Release|Any CPU
		{6C8E55DA-60D2-4845-B198-C98842F947FD}.AppStore|iPhoneSimulator.Build.0 = Release|Any CPU
		{6C8E55DA-60D2-4845-B198-C98842F947FD}.AppStore|x64.ActiveCfg = Release|Any CPU
		{6C8E55DA-60D2-4845-B198-C98842F947FD}.AppStore|x64.Build.0 = Release|Any CPU
		{6C8E55DA-60D2-4845-B198-C98842F947FD}.AppStore|x86.ActiveCfg = Release|Any CPU
		{6C8E55DA-60D2-4845-B198-C98842F947FD}.AppStore|x86.Build.0 = Release|Any CPU
		{6C8E55DA-60D2-4845-B198-C98842F947FD}.Debug|Any CPU.ActiveCfg = Debug|Any CPU
		{6C8E55DA-60D2-4845-B198-C98842F947FD}.Debug|Any CPU.Build.0 = Debug|Any CPU
		{6C8E55DA-60D2-4845-B198-C98842F947FD}.Debug|ARM.ActiveCfg = Debug|Any CPU
		{6C8E55DA-60D2-4845-B198-C98842F947FD}.Debug|ARM.Build.0 = Debug|Any CPU
		{6C8E55DA-60D2-4845-B198-C98842F947FD}.Debug|iPhone.ActiveCfg = Debug|Any CPU
		{6C8E55DA-60D2-4845-B198-C98842F947FD}.Debug|iPhone.Build.0 = Debug|Any CPU
		{6C8E55DA-60D2-4845-B198-C98842F947FD}.Debug|iPhoneSimulator.ActiveCfg = Debug|Any CPU
		{6C8E55DA-60D2-4845-B198-C98842F947FD}.Debug|iPhoneSimulator.Build.0 = Debug|Any CPU
		{6C8E55DA-60D2-4845-B198-C98842F947FD}.Debug|x64.ActiveCfg = Debug|Any CPU
		{6C8E55DA-60D2-4845-B198-C98842F947FD}.Debug|x64.Build.0 = Debug|Any CPU
		{6C8E55DA-60D2-4845-B198-C98842F947FD}.Debug|x86.ActiveCfg = Debug|Any CPU
		{6C8E55DA-60D2-4845-B198-C98842F947FD}.Debug|x86.Build.0 = Debug|Any CPU
		{6C8E55DA-60D2-4845-B198-C98842F947FD}.Release|Any CPU.ActiveCfg = Release|Any CPU
		{6C8E55DA-60D2-4845-B198-C98842F947FD}.Release|Any CPU.Build.0 = Release|Any CPU
		{6C8E55DA-60D2-4845-B198-C98842F947FD}.Release|ARM.ActiveCfg = Release|Any CPU
		{6C8E55DA-60D2-4845-B198-C98842F947FD}.Release|ARM.Build.0 = Release|Any CPU
		{6C8E55DA-60D2-4845-B198-C98842F947FD}.Release|iPhone.ActiveCfg = Release|Any CPU
		{6C8E55DA-60D2-4845-B198-C98842F947FD}.Release|iPhone.Build.0 = Release|Any CPU
		{6C8E55DA-60D2-4845-B198-C98842F947FD}.Release|iPhoneSimulator.ActiveCfg = Release|Any CPU
		{6C8E55DA-60D2-4845-B198-C98842F947FD}.Release|iPhoneSimulator.Build.0 = Release|Any CPU
		{6C8E55DA-60D2-4845-B198-C98842F947FD}.Release|x64.ActiveCfg = Release|Any CPU
		{6C8E55DA-60D2-4845-B198-C98842F947FD}.Release|x64.Build.0 = Release|Any CPU
		{6C8E55DA-60D2-4845-B198-C98842F947FD}.Release|x86.ActiveCfg = Release|Any CPU
		{6C8E55DA-60D2-4845-B198-C98842F947FD}.Release|x86.Build.0 = Release|Any CPU
	EndGlobalSection
	GlobalSection(SolutionProperties) = preSolution
		HideSolutionNode = FALSE
	EndGlobalSection
	GlobalSection(ExtensibilityGlobals) = postSolution
		SolutionGuid = {D667F9B7-D4E0-43A4-9C44-286D51A85B43}
	EndGlobalSection
EndGlobal
